
Microsoft Visual Studio Solution File, Format Version 12.00
# Visual Studio 14
VisualStudioVersion = 14.0.25420.1
MinimumVisualStudioVersion = 10.0.40219.1
Project("{2150E333-8FDC-42A3-9474-1A3956D46DE8}") = "Solution Items", "Solution Items", "{30F6375E-2B17-4D1F-8F49-E5F4294F6DB7}"
	ProjectSection(SolutionItems) = preProject
		global.json = global.json
		Notes.txt = Notes.txt
		NuGet.config = NuGet.config
	EndProjectSection
	ProjectSection(FolderGlobals) = preProject
		global_1json__JSONSchema = http://json.schemastore.org/global
	EndProjectSection
EndProject
Project("{2150E333-8FDC-42A3-9474-1A3956D46DE8}") = "src", "src", "{275E087F-A4E2-4A7B-A924-ED68E3A52086}"
EndProject
Project("{2150E333-8FDC-42A3-9474-1A3956D46DE8}") = "Hosting", "Hosting", "{93CC6030-8BFA-4C64-8A1E-EAC34862CB5D}"
EndProject
Project("{8BB2217D-0F2D-49D1-97BC-3654ED321F3B}") = "Orchard.Hosting", "src\Orchard.Hosting\Orchard.Hosting.xproj", "{389C0E48-1F62-4FE8-BC17-E0F3F025B879}"
EndProject
Project("{2150E333-8FDC-42A3-9474-1A3956D46DE8}") = "Core", "Core", "{F23AC6C2-DE44-4699-999D-3C478EF3D691}"
EndProject
Project("{8BB2217D-0F2D-49D1-97BC-3654ED321F3B}") = "Orchard.Events", "src\Orchard.Events\Orchard.Events.xproj", "{67D2545F-43C2-4FBB-80C7-75A2D0DCB948}"
EndProject
Project("{8BB2217D-0F2D-49D1-97BC-3654ED321F3B}") = "Orchard.Parser.Yaml", "src\Orchard.Parser.Yaml\Orchard.Parser.Yaml.xproj", "{366ADAD5-4F2A-4768-80E2-CA70222C78BE}"
EndProject
Project("{8BB2217D-0F2D-49D1-97BC-3654ED321F3B}") = "Orchard.Environment.Extensions", "src\Orchard.Environment.Extensions\Orchard.Environment.Extensions.xproj", "{FDCEB9E1-4BA7-42CE-AF43-3C604EBA720D}"
EndProject
Project("{8BB2217D-0F2D-49D1-97BC-3654ED321F3B}") = "Orchard.Environment.Extensions.Abstractions", "src\Orchard.Environment.Extensions.Abstractions\Orchard.Environment.Extensions.Abstractions.xproj", "{E1C3B0A7-FCD8-4895-AE10-479A90A0CE1F}"
EndProject
Project("{8BB2217D-0F2D-49D1-97BC-3654ED321F3B}") = "Orchard.Environment.Shell.Abstractions", "src\Orchard.Environment.Shell.Abstractions\Orchard.Environment.Shell.Abstractions.xproj", "{57958811-69DA-4C86-B75C-3806C2451EC8}"
EndProject
Project("{8BB2217D-0F2D-49D1-97BC-3654ED321F3B}") = "Orchard.Environment.Shell", "src\Orchard.Environment.Shell\Orchard.Environment.Shell.xproj", "{4C2F50F1-666E-497A-9498-A3494387A0CF}"
EndProject
Project("{8BB2217D-0F2D-49D1-97BC-3654ED321F3B}") = "Microsoft.AspNetCore.Mvc.Modules.Abstractions", "src\Microsoft.AspNetCore.Mvc.Modules.Abstractions\Microsoft.AspNetCore.Mvc.Modules.Abstractions.xproj", "{A1F3BB21-E9C7-4131-8682-50CE9730CD49}"
EndProject
Project("{8BB2217D-0F2D-49D1-97BC-3654ED321F3B}") = "Orchard.Environment.Shell.Data", "src\Orchard.Environment.Shell.Data\Orchard.Environment.Shell.Data.xproj", "{2C7AA06B-BA37-4EEA-A31D-472A00C2EA94}"
EndProject
Project("{8BB2217D-0F2D-49D1-97BC-3654ED321F3B}") = "Microsoft.AspNetCore.Modules.Abstractions", "src\Microsoft.AspNetCore.Modules.Abstractions\Microsoft.AspNetCore.Modules.Abstractions.xproj", "{477CBA01-FB6E-498C-AD3C-EF2B16F7C006}"
EndProject
Project("{8BB2217D-0F2D-49D1-97BC-3654ED321F3B}") = "Microsoft.AspNetCore.Modules", "src\Microsoft.AspNetCore.Modules\Microsoft.AspNetCore.Modules.xproj", "{19617686-B3AE-4810-9C32-7FAF42F56744}"
EndProject
Project("{8BB2217D-0F2D-49D1-97BC-3654ED321F3B}") = "Microsoft.AspNetCore.Mvc.Modules", "src\Microsoft.AspNetCore.Mvc.Modules\Microsoft.AspNetCore.Mvc.Modules.xproj", "{9E4E6CCB-7E1C-45CA-A4BB-43D8102DF086}"
EndProject
Project("{8BB2217D-0F2D-49D1-97BC-3654ED321F3B}") = "Microsoft.AspNetCore.Nancy.Modules", "src\Microsoft.AspNetCore.Nancy.Modules\Microsoft.AspNetCore.Nancy.Modules.xproj", "{3BDAC7C1-2E7B-4DB6-9A48-42E60613EACE}"
EndProject
Project("{2150E333-8FDC-42A3-9474-1A3956D46DE8}") = "_Microsoft.AspNetCore", "_Microsoft.AspNetCore", "{A86D3AED-6DD2-497E-BC30-7D755D63CBE0}"
EndProject
Project("{8BB2217D-0F2D-49D1-97BC-3654ED321F3B}") = "Harvest.Demo1", "demo\Harvest.Demo1\Harvest.Demo1.xproj", "{DBCD206A-949B-4763-9E31-7B5250400C03}"
EndProject
Project("{2150E333-8FDC-42A3-9474-1A3956D46DE8}") = "Harvest", "Harvest", "{94F496E3-4098-4D47-8BD4-421FEF65DE65}"
EndProject
Project("{2150E333-8FDC-42A3-9474-1A3956D46DE8}") = "Harvest.Demo1.Modules", "Harvest.Demo1.Modules", "{63DE337A-734E-4E3F-B5C7-352C07BA4E51}"
EndProject
Project("{8BB2217D-0F2D-49D1-97BC-3654ED321F3B}") = "Harvest.Demo1.Module1", "demo\Harvest.Demo1\Modules\Harvest.Demo1.Module1\Harvest.Demo1.Module1.xproj", "{8917003D-30B6-404D-AD79-6A1A83B621AA}"
EndProject
Project("{8BB2217D-0F2D-49D1-97BC-3654ED321F3B}") = "Harvest.Demo2", "demo\Harvest.Demo2\Harvest.Demo2.xproj", "{E97BA2B2-29B2-4249-85C6-C7BE5FCCD38C}"
EndProject
Project("{2150E333-8FDC-42A3-9474-1A3956D46DE8}") = "Harvest.Demo2.Modules", "Harvest.Demo2.Modules", "{92B0C391-66E3-4A1B-8636-3B121B68F370}"
EndProject
Project("{8BB2217D-0F2D-49D1-97BC-3654ED321F3B}") = "Harvest.Demo2.Module1", "demo\Harvest.Demo2\Modules\Harvest.Demo2.Module1\Harvest.Demo2.Module1.xproj", "{B6D6C9E7-4AB3-4D13-B97E-4F0899547C85}"
EndProject
Project("{8BB2217D-0F2D-49D1-97BC-3654ED321F3B}") = "Harvest.Demo2.Module2", "demo\Harvest.Demo2\Modules\Harvest.Demo2.Module2\Harvest.Demo2.Module2.xproj", "{82D9D0AF-7B10-4772-876D-45105227F40F}"
EndProject
Project("{8BB2217D-0F2D-49D1-97BC-3654ED321F3B}") = "Harvest.Demo3", "demo\Harvest.Demo3\Harvest.Demo3.xproj", "{396EDFB1-C860-41C4-B94E-1062AA5FB075}"
EndProject
Project("{2150E333-8FDC-42A3-9474-1A3956D46DE8}") = "Harvest.Demo3.Modules", "Harvest.Demo3.Modules", "{CD4C9BAD-9609-4566-A2A4-5876534DFF7E}"
EndProject
Project("{8BB2217D-0F2D-49D1-97BC-3654ED321F3B}") = "Harvest.Demo3.Module1", "demo\Harvest.Demo3\Modules\Harvest.Demo3.Module1\Harvest.Demo3.Module1.xproj", "{96F4E2C5-7D29-450D-98CC-52B5FDE5F1F0}"
EndProject
Project("{2150E333-8FDC-42A3-9474-1A3956D46DE8}") = "Demo Notes", "Demo Notes", "{DA5CB9A0-8888-4613-834F-5652D34A399B}"
	ProjectSection(SolutionItems) = preProject
		host_clean_Startup.cs.txt = host_clean_Startup.cs.txt
		host_project.json.txt = host_project.json.txt
		host_Startup.cs.txt = host_Startup.cs.txt
		module_project.json.txt = module_project.json.txt
	EndProjectSection
EndProject
Project("{8BB2217D-0F2D-49D1-97BC-3654ED321F3B}") = "Orchard.Data.Abstractions", "src\Orchard.Data.Abstractions\Orchard.Data.Abstractions.xproj", "{FDB57330-DBB0-466C-B488-C81F8BFC6BDD}"
EndProject
Project("{8BB2217D-0F2D-49D1-97BC-3654ED321F3B}") = "Orchard.Environment.Cache.Abstractions", "src\Orchard.Environment.Cache.Abstractions\Orchard.Environment.Cache.Abstractions.xproj", "{1B7E5B70-FFB8-4B7A-8F57-67F1AB7CA814}"
EndProject
Project("{8BB2217D-0F2D-49D1-97BC-3654ED321F3B}") = "Orchard.DeferredTasks", "src\Orchard.DeferredTasks\Orchard.DeferredTasks.xproj", "{F148F38F-BF15-48BD-BA67-0EF9FCAACA40}"
EndProject
Project("{8BB2217D-0F2D-49D1-97BC-3654ED321F3B}") = "Orchard.DeferredTasks.Abstractions", "src\Orchard.DeferredTasks.Abstractions\Orchard.DeferredTasks.Abstractions.xproj", "{A8539F3F-9EF5-4A51-AABB-EEE8C915746E}"
EndProject
Project("{8BB2217D-0F2D-49D1-97BC-3654ED321F3B}") = "Orchard.Environment.Cache", "src\Orchard.Environment.Cache\Orchard.Environment.Cache.xproj", "{466E3160-213C-428D-BAA5-B92BF55E1DE2}"
EndProject
Project("{8BB2217D-0F2D-49D1-97BC-3654ED321F3B}") = "Harvest.One", "runthough\Harvest.One\Harvest.One.xproj", "{CC1A32AE-B5F2-4D83-ABF6-FAFD07A8018C}"
EndProject
Project("{2150E333-8FDC-42A3-9474-1A3956D46DE8}") = "Harvent.One.Modules", "Harvent.One.Modules", "{B5897513-C516-4D6E-BC33-D096DDBEC58F}"
EndProject
Project("{8BB2217D-0F2D-49D1-97BC-3654ED321F3B}") = "Harvest.One.Module1", "runthough\Harvest.One\Modules\Harvest.One.Module1\Harvest.One.Module1.xproj", "{8AC8963E-EC12-4B7C-9122-7D0EC16B9219}"
EndProject
Project("{8BB2217D-0F2D-49D1-97BC-3654ED321F3B}") = "Harvest.Two", "runthough\Harvest.Two\Harvest.Two.xproj", "{1B69AA10-F6E2-4411-A467-D92EEF9A79DF}"
EndProject
Project("{2150E333-8FDC-42A3-9474-1A3956D46DE8}") = "Harvent.Two.Modules", "Harvent.Two.Modules", "{57B8D4DD-C171-42A0-B51B-2B6B15E651D0}"
EndProject
Project("{8BB2217D-0F2D-49D1-97BC-3654ED321F3B}") = "Harvest.Two.Mvc", "runthough\Harvest.Two\Modules\Harvest.Two.Mvc\Harvest.Two.Mvc.xproj", "{8BA757E2-3E37-4A22-AA26-CE38C93FC24E}"
EndProject
Project("{8BB2217D-0F2D-49D1-97BC-3654ED321F3B}") = "Harvest.Two.HelloWorld", "runthough\Harvest.Two\Modules\Harvest.Two.HelloWorld\Harvest.Two.HelloWorld.xproj", "{9BEBDF33-E426-466D-A897-C16BF44EF54B}"
EndProject
Project("{8BB2217D-0F2D-49D1-97BC-3654ED321F3B}") = "Harvest.Two.Nancy", "runthough\Harvest.Two\Modules\Harvest.Two.Nancy\Harvest.Two.Nancy.xproj", "{BFDE316D-466A-43A7-B561-68041071680C}"
EndProject
Project("{2150E333-8FDC-42A3-9474-1A3956D46DE8}") = "LiveCodinz", "LiveCodinz", "{AE0632B6-1A57-491A-82FC-A1DE79D0864A}"
EndProject
Project("{8BB2217D-0F2D-49D1-97BC-3654ED321F3B}") = "Harvest.LiveDemo1", "LiveCodez\Harvest.LiveDemo1\Harvest.LiveDemo1.xproj", "{CB4F147A-C035-4F18-8667-A804DBD490A2}"
EndProject
Project("{8BB2217D-0F2D-49D1-97BC-3654ED321F3B}") = "Harvest.Module1.Demo1", "LiveCodez\Harvest.LiveDemo1\Modules\Harvest.Module1.Demo1\Harvest.Module1.Demo1.xproj", "{1F648A00-3E4A-432A-9653-63FB26109A64}"
EndProject
Project("{8BB2217D-0F2D-49D1-97BC-3654ED321F3B}") = "Harvest.LiveDemo2Again", "LiveCodez\Harvest.LiveDemo1\Modules\Harvest.LiveDemo2Again\Harvest.LiveDemo2Again.xproj", "{7C536100-A628-442A-99E4-EBC3CBA78794}"
EndProject
Project("{8BB2217D-0F2D-49D1-97BC-3654ED321F3B}") = "Harvest.NancyRegister", "LiveCodez\Harvest.LiveDemo1\Modules\Harvest.NancyRegister\Harvest.NancyRegister.xproj", "{96498FE2-E4F1-437A-ABC8-521CE296828B}"
EndProject
Global
	GlobalSection(SolutionConfigurationPlatforms) = preSolution
		Debug|Any CPU = Debug|Any CPU
		Release|Any CPU = Release|Any CPU
	EndGlobalSection
	GlobalSection(ProjectConfigurationPlatforms) = postSolution
		{389C0E48-1F62-4FE8-BC17-E0F3F025B879}.Debug|Any CPU.ActiveCfg = Debug|Any CPU
		{389C0E48-1F62-4FE8-BC17-E0F3F025B879}.Debug|Any CPU.Build.0 = Debug|Any CPU
		{389C0E48-1F62-4FE8-BC17-E0F3F025B879}.Release|Any CPU.ActiveCfg = Release|Any CPU
		{389C0E48-1F62-4FE8-BC17-E0F3F025B879}.Release|Any CPU.Build.0 = Release|Any CPU
		{67D2545F-43C2-4FBB-80C7-75A2D0DCB948}.Debug|Any CPU.ActiveCfg = Debug|Any CPU
		{67D2545F-43C2-4FBB-80C7-75A2D0DCB948}.Debug|Any CPU.Build.0 = Debug|Any CPU
		{67D2545F-43C2-4FBB-80C7-75A2D0DCB948}.Release|Any CPU.ActiveCfg = Release|Any CPU
		{67D2545F-43C2-4FBB-80C7-75A2D0DCB948}.Release|Any CPU.Build.0 = Release|Any CPU
		{366ADAD5-4F2A-4768-80E2-CA70222C78BE}.Debug|Any CPU.ActiveCfg = Debug|Any CPU
		{366ADAD5-4F2A-4768-80E2-CA70222C78BE}.Debug|Any CPU.Build.0 = Debug|Any CPU
		{366ADAD5-4F2A-4768-80E2-CA70222C78BE}.Release|Any CPU.ActiveCfg = Release|Any CPU
		{366ADAD5-4F2A-4768-80E2-CA70222C78BE}.Release|Any CPU.Build.0 = Release|Any CPU
		{FDCEB9E1-4BA7-42CE-AF43-3C604EBA720D}.Debug|Any CPU.ActiveCfg = Debug|Any CPU
		{FDCEB9E1-4BA7-42CE-AF43-3C604EBA720D}.Debug|Any CPU.Build.0 = Debug|Any CPU
		{FDCEB9E1-4BA7-42CE-AF43-3C604EBA720D}.Release|Any CPU.ActiveCfg = Release|Any CPU
		{FDCEB9E1-4BA7-42CE-AF43-3C604EBA720D}.Release|Any CPU.Build.0 = Release|Any CPU
		{E1C3B0A7-FCD8-4895-AE10-479A90A0CE1F}.Debug|Any CPU.ActiveCfg = Debug|Any CPU
		{E1C3B0A7-FCD8-4895-AE10-479A90A0CE1F}.Debug|Any CPU.Build.0 = Debug|Any CPU
		{E1C3B0A7-FCD8-4895-AE10-479A90A0CE1F}.Release|Any CPU.ActiveCfg = Release|Any CPU
		{E1C3B0A7-FCD8-4895-AE10-479A90A0CE1F}.Release|Any CPU.Build.0 = Release|Any CPU
		{57958811-69DA-4C86-B75C-3806C2451EC8}.Debug|Any CPU.ActiveCfg = Debug|Any CPU
		{57958811-69DA-4C86-B75C-3806C2451EC8}.Debug|Any CPU.Build.0 = Debug|Any CPU
		{57958811-69DA-4C86-B75C-3806C2451EC8}.Release|Any CPU.ActiveCfg = Release|Any CPU
		{57958811-69DA-4C86-B75C-3806C2451EC8}.Release|Any CPU.Build.0 = Release|Any CPU
		{4C2F50F1-666E-497A-9498-A3494387A0CF}.Debug|Any CPU.ActiveCfg = Debug|Any CPU
		{4C2F50F1-666E-497A-9498-A3494387A0CF}.Debug|Any CPU.Build.0 = Debug|Any CPU
		{4C2F50F1-666E-497A-9498-A3494387A0CF}.Release|Any CPU.ActiveCfg = Release|Any CPU
		{4C2F50F1-666E-497A-9498-A3494387A0CF}.Release|Any CPU.Build.0 = Release|Any CPU
		{A1F3BB21-E9C7-4131-8682-50CE9730CD49}.Debug|Any CPU.ActiveCfg = Debug|Any CPU
		{A1F3BB21-E9C7-4131-8682-50CE9730CD49}.Debug|Any CPU.Build.0 = Debug|Any CPU
		{A1F3BB21-E9C7-4131-8682-50CE9730CD49}.Release|Any CPU.ActiveCfg = Release|Any CPU
		{A1F3BB21-E9C7-4131-8682-50CE9730CD49}.Release|Any CPU.Build.0 = Release|Any CPU
		{2C7AA06B-BA37-4EEA-A31D-472A00C2EA94}.Debug|Any CPU.ActiveCfg = Debug|Any CPU
		{2C7AA06B-BA37-4EEA-A31D-472A00C2EA94}.Debug|Any CPU.Build.0 = Debug|Any CPU
		{2C7AA06B-BA37-4EEA-A31D-472A00C2EA94}.Release|Any CPU.ActiveCfg = Release|Any CPU
		{2C7AA06B-BA37-4EEA-A31D-472A00C2EA94}.Release|Any CPU.Build.0 = Release|Any CPU
		{477CBA01-FB6E-498C-AD3C-EF2B16F7C006}.Debug|Any CPU.ActiveCfg = Debug|Any CPU
		{477CBA01-FB6E-498C-AD3C-EF2B16F7C006}.Debug|Any CPU.Build.0 = Debug|Any CPU
		{477CBA01-FB6E-498C-AD3C-EF2B16F7C006}.Release|Any CPU.ActiveCfg = Release|Any CPU
		{477CBA01-FB6E-498C-AD3C-EF2B16F7C006}.Release|Any CPU.Build.0 = Release|Any CPU
		{19617686-B3AE-4810-9C32-7FAF42F56744}.Debug|Any CPU.ActiveCfg = Debug|Any CPU
		{19617686-B3AE-4810-9C32-7FAF42F56744}.Debug|Any CPU.Build.0 = Debug|Any CPU
		{19617686-B3AE-4810-9C32-7FAF42F56744}.Release|Any CPU.ActiveCfg = Release|Any CPU
		{19617686-B3AE-4810-9C32-7FAF42F56744}.Release|Any CPU.Build.0 = Release|Any CPU
		{9E4E6CCB-7E1C-45CA-A4BB-43D8102DF086}.Debug|Any CPU.ActiveCfg = Debug|Any CPU
		{9E4E6CCB-7E1C-45CA-A4BB-43D8102DF086}.Debug|Any CPU.Build.0 = Debug|Any CPU
		{9E4E6CCB-7E1C-45CA-A4BB-43D8102DF086}.Release|Any CPU.ActiveCfg = Release|Any CPU
		{9E4E6CCB-7E1C-45CA-A4BB-43D8102DF086}.Release|Any CPU.Build.0 = Release|Any CPU
		{3BDAC7C1-2E7B-4DB6-9A48-42E60613EACE}.Debug|Any CPU.ActiveCfg = Debug|Any CPU
		{3BDAC7C1-2E7B-4DB6-9A48-42E60613EACE}.Debug|Any CPU.Build.0 = Debug|Any CPU
		{3BDAC7C1-2E7B-4DB6-9A48-42E60613EACE}.Release|Any CPU.ActiveCfg = Release|Any CPU
		{3BDAC7C1-2E7B-4DB6-9A48-42E60613EACE}.Release|Any CPU.Build.0 = Release|Any CPU
		{DBCD206A-949B-4763-9E31-7B5250400C03}.Debug|Any CPU.ActiveCfg = Debug|Any CPU
		{DBCD206A-949B-4763-9E31-7B5250400C03}.Debug|Any CPU.Build.0 = Debug|Any CPU
		{DBCD206A-949B-4763-9E31-7B5250400C03}.Release|Any CPU.ActiveCfg = Release|Any CPU
		{DBCD206A-949B-4763-9E31-7B5250400C03}.Release|Any CPU.Build.0 = Release|Any CPU
		{8917003D-30B6-404D-AD79-6A1A83B621AA}.Debug|Any CPU.ActiveCfg = Debug|Any CPU
		{8917003D-30B6-404D-AD79-6A1A83B621AA}.Debug|Any CPU.Build.0 = Debug|Any CPU
		{8917003D-30B6-404D-AD79-6A1A83B621AA}.Release|Any CPU.ActiveCfg = Release|Any CPU
		{8917003D-30B6-404D-AD79-6A1A83B621AA}.Release|Any CPU.Build.0 = Release|Any CPU
		{E97BA2B2-29B2-4249-85C6-C7BE5FCCD38C}.Debug|Any CPU.ActiveCfg = Debug|Any CPU
		{E97BA2B2-29B2-4249-85C6-C7BE5FCCD38C}.Debug|Any CPU.Build.0 = Debug|Any CPU
		{E97BA2B2-29B2-4249-85C6-C7BE5FCCD38C}.Release|Any CPU.ActiveCfg = Release|Any CPU
		{E97BA2B2-29B2-4249-85C6-C7BE5FCCD38C}.Release|Any CPU.Build.0 = Release|Any CPU
		{B6D6C9E7-4AB3-4D13-B97E-4F0899547C85}.Debug|Any CPU.ActiveCfg = Debug|Any CPU
		{B6D6C9E7-4AB3-4D13-B97E-4F0899547C85}.Debug|Any CPU.Build.0 = Debug|Any CPU
		{B6D6C9E7-4AB3-4D13-B97E-4F0899547C85}.Release|Any CPU.ActiveCfg = Release|Any CPU
		{B6D6C9E7-4AB3-4D13-B97E-4F0899547C85}.Release|Any CPU.Build.0 = Release|Any CPU
		{82D9D0AF-7B10-4772-876D-45105227F40F}.Debug|Any CPU.ActiveCfg = Debug|Any CPU
		{82D9D0AF-7B10-4772-876D-45105227F40F}.Debug|Any CPU.Build.0 = Debug|Any CPU
		{82D9D0AF-7B10-4772-876D-45105227F40F}.Release|Any CPU.ActiveCfg = Release|Any CPU
		{82D9D0AF-7B10-4772-876D-45105227F40F}.Release|Any CPU.Build.0 = Release|Any CPU
		{396EDFB1-C860-41C4-B94E-1062AA5FB075}.Debug|Any CPU.ActiveCfg = Debug|Any CPU
		{396EDFB1-C860-41C4-B94E-1062AA5FB075}.Debug|Any CPU.Build.0 = Debug|Any CPU
		{396EDFB1-C860-41C4-B94E-1062AA5FB075}.Release|Any CPU.ActiveCfg = Release|Any CPU
		{396EDFB1-C860-41C4-B94E-1062AA5FB075}.Release|Any CPU.Build.0 = Release|Any CPU
		{96F4E2C5-7D29-450D-98CC-52B5FDE5F1F0}.Debug|Any CPU.ActiveCfg = Debug|Any CPU
		{96F4E2C5-7D29-450D-98CC-52B5FDE5F1F0}.Debug|Any CPU.Build.0 = Debug|Any CPU
		{96F4E2C5-7D29-450D-98CC-52B5FDE5F1F0}.Release|Any CPU.ActiveCfg = Release|Any CPU
		{96F4E2C5-7D29-450D-98CC-52B5FDE5F1F0}.Release|Any CPU.Build.0 = Release|Any CPU
		{FDB57330-DBB0-466C-B488-C81F8BFC6BDD}.Debug|Any CPU.ActiveCfg = Debug|Any CPU
		{FDB57330-DBB0-466C-B488-C81F8BFC6BDD}.Debug|Any CPU.Build.0 = Debug|Any CPU
		{FDB57330-DBB0-466C-B488-C81F8BFC6BDD}.Release|Any CPU.ActiveCfg = Release|Any CPU
		{FDB57330-DBB0-466C-B488-C81F8BFC6BDD}.Release|Any CPU.Build.0 = Release|Any CPU
		{1B7E5B70-FFB8-4B7A-8F57-67F1AB7CA814}.Debug|Any CPU.ActiveCfg = Debug|Any CPU
		{1B7E5B70-FFB8-4B7A-8F57-67F1AB7CA814}.Debug|Any CPU.Build.0 = Debug|Any CPU
		{1B7E5B70-FFB8-4B7A-8F57-67F1AB7CA814}.Release|Any CPU.ActiveCfg = Release|Any CPU
		{1B7E5B70-FFB8-4B7A-8F57-67F1AB7CA814}.Release|Any CPU.Build.0 = Release|Any CPU
		{F148F38F-BF15-48BD-BA67-0EF9FCAACA40}.Debug|Any CPU.ActiveCfg = Debug|Any CPU
		{F148F38F-BF15-48BD-BA67-0EF9FCAACA40}.Debug|Any CPU.Build.0 = Debug|Any CPU
		{F148F38F-BF15-48BD-BA67-0EF9FCAACA40}.Release|Any CPU.ActiveCfg = Release|Any CPU
		{F148F38F-BF15-48BD-BA67-0EF9FCAACA40}.Release|Any CPU.Build.0 = Release|Any CPU
		{A8539F3F-9EF5-4A51-AABB-EEE8C915746E}.Debug|Any CPU.ActiveCfg = Debug|Any CPU
		{A8539F3F-9EF5-4A51-AABB-EEE8C915746E}.Debug|Any CPU.Build.0 = Debug|Any CPU
		{A8539F3F-9EF5-4A51-AABB-EEE8C915746E}.Release|Any CPU.ActiveCfg = Release|Any CPU
		{A8539F3F-9EF5-4A51-AABB-EEE8C915746E}.Release|Any CPU.Build.0 = Release|Any CPU
		{466E3160-213C-428D-BAA5-B92BF55E1DE2}.Debug|Any CPU.ActiveCfg = Debug|Any CPU
		{466E3160-213C-428D-BAA5-B92BF55E1DE2}.Debug|Any CPU.Build.0 = Debug|Any CPU
		{466E3160-213C-428D-BAA5-B92BF55E1DE2}.Release|Any CPU.ActiveCfg = Release|Any CPU
		{466E3160-213C-428D-BAA5-B92BF55E1DE2}.Release|Any CPU.Build.0 = Release|Any CPU
		{CC1A32AE-B5F2-4D83-ABF6-FAFD07A8018C}.Debug|Any CPU.ActiveCfg = Debug|Any CPU
		{CC1A32AE-B5F2-4D83-ABF6-FAFD07A8018C}.Debug|Any CPU.Build.0 = Debug|Any CPU
		{CC1A32AE-B5F2-4D83-ABF6-FAFD07A8018C}.Release|Any CPU.ActiveCfg = Release|Any CPU
		{CC1A32AE-B5F2-4D83-ABF6-FAFD07A8018C}.Release|Any CPU.Build.0 = Release|Any CPU
		{8AC8963E-EC12-4B7C-9122-7D0EC16B9219}.Debug|Any CPU.ActiveCfg = Debug|Any CPU
		{8AC8963E-EC12-4B7C-9122-7D0EC16B9219}.Debug|Any CPU.Build.0 = Debug|Any CPU
		{8AC8963E-EC12-4B7C-9122-7D0EC16B9219}.Release|Any CPU.ActiveCfg = Release|Any CPU
		{8AC8963E-EC12-4B7C-9122-7D0EC16B9219}.Release|Any CPU.Build.0 = Release|Any CPU
		{1B69AA10-F6E2-4411-A467-D92EEF9A79DF}.Debug|Any CPU.ActiveCfg = Debug|Any CPU
		{1B69AA10-F6E2-4411-A467-D92EEF9A79DF}.Debug|Any CPU.Build.0 = Debug|Any CPU
		{1B69AA10-F6E2-4411-A467-D92EEF9A79DF}.Release|Any CPU.ActiveCfg = Release|Any CPU
		{1B69AA10-F6E2-4411-A467-D92EEF9A79DF}.Release|Any CPU.Build.0 = Release|Any CPU
		{8BA757E2-3E37-4A22-AA26-CE38C93FC24E}.Debug|Any CPU.ActiveCfg = Debug|Any CPU
		{8BA757E2-3E37-4A22-AA26-CE38C93FC24E}.Debug|Any CPU.Build.0 = Debug|Any CPU
		{8BA757E2-3E37-4A22-AA26-CE38C93FC24E}.Release|Any CPU.ActiveCfg = Release|Any CPU
		{8BA757E2-3E37-4A22-AA26-CE38C93FC24E}.Release|Any CPU.Build.0 = Release|Any CPU
		{9BEBDF33-E426-466D-A897-C16BF44EF54B}.Debug|Any CPU.ActiveCfg = Debug|Any CPU
		{9BEBDF33-E426-466D-A897-C16BF44EF54B}.Debug|Any CPU.Build.0 = Debug|Any CPU
		{9BEBDF33-E426-466D-A897-C16BF44EF54B}.Release|Any CPU.ActiveCfg = Release|Any CPU
		{9BEBDF33-E426-466D-A897-C16BF44EF54B}.Release|Any CPU.Build.0 = Release|Any CPU
		{BFDE316D-466A-43A7-B561-68041071680C}.Debug|Any CPU.ActiveCfg = Debug|Any CPU
		{BFDE316D-466A-43A7-B561-68041071680C}.Debug|Any CPU.Build.0 = Debug|Any CPU
		{BFDE316D-466A-43A7-B561-68041071680C}.Release|Any CPU.ActiveCfg = Release|Any CPU
		{BFDE316D-466A-43A7-B561-68041071680C}.Release|Any CPU.Build.0 = Release|Any CPU
		{CB4F147A-C035-4F18-8667-A804DBD490A2}.Debug|Any CPU.ActiveCfg = Debug|Any CPU
		{CB4F147A-C035-4F18-8667-A804DBD490A2}.Debug|Any CPU.Build.0 = Debug|Any CPU
		{CB4F147A-C035-4F18-8667-A804DBD490A2}.Release|Any CPU.ActiveCfg = Release|Any CPU
		{CB4F147A-C035-4F18-8667-A804DBD490A2}.Release|Any CPU.Build.0 = Release|Any CPU
		{1F648A00-3E4A-432A-9653-63FB26109A64}.Debug|Any CPU.ActiveCfg = Debug|Any CPU
		{1F648A00-3E4A-432A-9653-63FB26109A64}.Debug|Any CPU.Build.0 = Debug|Any CPU
		{1F648A00-3E4A-432A-9653-63FB26109A64}.Release|Any CPU.ActiveCfg = Release|Any CPU
		{1F648A00-3E4A-432A-9653-63FB26109A64}.Release|Any CPU.Build.0 = Release|Any CPU
		{7C536100-A628-442A-99E4-EBC3CBA78794}.Debug|Any CPU.ActiveCfg = Debug|Any CPU
		{7C536100-A628-442A-99E4-EBC3CBA78794}.Debug|Any CPU.Build.0 = Debug|Any CPU
		{7C536100-A628-442A-99E4-EBC3CBA78794}.Release|Any CPU.ActiveCfg = Release|Any CPU
		{7C536100-A628-442A-99E4-EBC3CBA78794}.Release|Any CPU.Build.0 = Release|Any CPU
		{96498FE2-E4F1-437A-ABC8-521CE296828B}.Debug|Any CPU.ActiveCfg = Debug|Any CPU
		{96498FE2-E4F1-437A-ABC8-521CE296828B}.Debug|Any CPU.Build.0 = Debug|Any CPU
		{96498FE2-E4F1-437A-ABC8-521CE296828B}.Release|Any CPU.ActiveCfg = Release|Any CPU
		{96498FE2-E4F1-437A-ABC8-521CE296828B}.Release|Any CPU.Build.0 = Release|Any CPU
	EndGlobalSection
	GlobalSection(SolutionProperties) = preSolution
		HideSolutionNode = FALSE
	EndGlobalSection
	GlobalSection(NestedProjects) = preSolution
		{93CC6030-8BFA-4C64-8A1E-EAC34862CB5D} = {F23AC6C2-DE44-4699-999D-3C478EF3D691}
		{389C0E48-1F62-4FE8-BC17-E0F3F025B879} = {93CC6030-8BFA-4C64-8A1E-EAC34862CB5D}
		{F23AC6C2-DE44-4699-999D-3C478EF3D691} = {275E087F-A4E2-4A7B-A924-ED68E3A52086}
		{67D2545F-43C2-4FBB-80C7-75A2D0DCB948} = {F23AC6C2-DE44-4699-999D-3C478EF3D691}
		{366ADAD5-4F2A-4768-80E2-CA70222C78BE} = {F23AC6C2-DE44-4699-999D-3C478EF3D691}
		{FDCEB9E1-4BA7-42CE-AF43-3C604EBA720D} = {F23AC6C2-DE44-4699-999D-3C478EF3D691}
		{E1C3B0A7-FCD8-4895-AE10-479A90A0CE1F} = {F23AC6C2-DE44-4699-999D-3C478EF3D691}
		{57958811-69DA-4C86-B75C-3806C2451EC8} = {F23AC6C2-DE44-4699-999D-3C478EF3D691}
		{4C2F50F1-666E-497A-9498-A3494387A0CF} = {F23AC6C2-DE44-4699-999D-3C478EF3D691}
		{A1F3BB21-E9C7-4131-8682-50CE9730CD49} = {A86D3AED-6DD2-497E-BC30-7D755D63CBE0}
		{2C7AA06B-BA37-4EEA-A31D-472A00C2EA94} = {F23AC6C2-DE44-4699-999D-3C478EF3D691}
		{477CBA01-FB6E-498C-AD3C-EF2B16F7C006} = {A86D3AED-6DD2-497E-BC30-7D755D63CBE0}
		{19617686-B3AE-4810-9C32-7FAF42F56744} = {A86D3AED-6DD2-497E-BC30-7D755D63CBE0}
		{9E4E6CCB-7E1C-45CA-A4BB-43D8102DF086} = {A86D3AED-6DD2-497E-BC30-7D755D63CBE0}
		{3BDAC7C1-2E7B-4DB6-9A48-42E60613EACE} = {A86D3AED-6DD2-497E-BC30-7D755D63CBE0}
		{A86D3AED-6DD2-497E-BC30-7D755D63CBE0} = {275E087F-A4E2-4A7B-A924-ED68E3A52086}
		{DBCD206A-949B-4763-9E31-7B5250400C03} = {94F496E3-4098-4D47-8BD4-421FEF65DE65}
		{94F496E3-4098-4D47-8BD4-421FEF65DE65} = {275E087F-A4E2-4A7B-A924-ED68E3A52086}
		{63DE337A-734E-4E3F-B5C7-352C07BA4E51} = {94F496E3-4098-4D47-8BD4-421FEF65DE65}
		{8917003D-30B6-404D-AD79-6A1A83B621AA} = {63DE337A-734E-4E3F-B5C7-352C07BA4E51}
		{E97BA2B2-29B2-4249-85C6-C7BE5FCCD38C} = {94F496E3-4098-4D47-8BD4-421FEF65DE65}
		{92B0C391-66E3-4A1B-8636-3B121B68F370} = {94F496E3-4098-4D47-8BD4-421FEF65DE65}
		{B6D6C9E7-4AB3-4D13-B97E-4F0899547C85} = {92B0C391-66E3-4A1B-8636-3B121B68F370}
		{82D9D0AF-7B10-4772-876D-45105227F40F} = {92B0C391-66E3-4A1B-8636-3B121B68F370}
		{396EDFB1-C860-41C4-B94E-1062AA5FB075} = {94F496E3-4098-4D47-8BD4-421FEF65DE65}
		{CD4C9BAD-9609-4566-A2A4-5876534DFF7E} = {94F496E3-4098-4D47-8BD4-421FEF65DE65}
		{96F4E2C5-7D29-450D-98CC-52B5FDE5F1F0} = {CD4C9BAD-9609-4566-A2A4-5876534DFF7E}
		{DA5CB9A0-8888-4613-834F-5652D34A399B} = {275E087F-A4E2-4A7B-A924-ED68E3A52086}
		{FDB57330-DBB0-466C-B488-C81F8BFC6BDD} = {F23AC6C2-DE44-4699-999D-3C478EF3D691}
		{1B7E5B70-FFB8-4B7A-8F57-67F1AB7CA814} = {F23AC6C2-DE44-4699-999D-3C478EF3D691}
		{F148F38F-BF15-48BD-BA67-0EF9FCAACA40} = {F23AC6C2-DE44-4699-999D-3C478EF3D691}
		{A8539F3F-9EF5-4A51-AABB-EEE8C915746E} = {F23AC6C2-DE44-4699-999D-3C478EF3D691}
		{466E3160-213C-428D-BAA5-B92BF55E1DE2} = {F23AC6C2-DE44-4699-999D-3C478EF3D691}
		{CC1A32AE-B5F2-4D83-ABF6-FAFD07A8018C} = {94F496E3-4098-4D47-8BD4-421FEF65DE65}
		{B5897513-C516-4D6E-BC33-D096DDBEC58F} = {94F496E3-4098-4D47-8BD4-421FEF65DE65}
		{8AC8963E-EC12-4B7C-9122-7D0EC16B9219} = {B5897513-C516-4D6E-BC33-D096DDBEC58F}
		{1B69AA10-F6E2-4411-A467-D92EEF9A79DF} = {94F496E3-4098-4D47-8BD4-421FEF65DE65}
		{57B8D4DD-C171-42A0-B51B-2B6B15E651D0} = {94F496E3-4098-4D47-8BD4-421FEF65DE65}
		{8BA757E2-3E37-4A22-AA26-CE38C93FC24E} = {57B8D4DD-C171-42A0-B51B-2B6B15E651D0}
		{9BEBDF33-E426-466D-A897-C16BF44EF54B} = {57B8D4DD-C171-42A0-B51B-2B6B15E651D0}
		{BFDE316D-466A-43A7-B561-68041071680C} = {57B8D4DD-C171-42A0-B51B-2B6B15E651D0}
		{AE0632B6-1A57-491A-82FC-A1DE79D0864A} = {275E087F-A4E2-4A7B-A924-ED68E3A52086}
		{CB4F147A-C035-4F18-8667-A804DBD490A2} = {AE0632B6-1A57-491A-82FC-A1DE79D0864A}
		{1F648A00-3E4A-432A-9653-63FB26109A64} = {AE0632B6-1A57-491A-82FC-A1DE79D0864A}
		{7C536100-A628-442A-99E4-EBC3CBA78794} = {AE0632B6-1A57-491A-82FC-A1DE79D0864A}
		{96498FE2-E4F1-437A-ABC8-521CE296828B} = {AE0632B6-1A57-491A-82FC-A1DE79D0864A}
	EndGlobalSection
EndGlobal
